
Microsoft Visual Studio Solution File, Format Version 12.00
# Visual Studio 15
VisualStudioVersion = 15.0.27004.2005
MinimumVisualStudioVersion = 10.0.40219.1
Project("{FAE04EC0-301F-11D3-BF4B-00C04F79EFBC}") = "Wpf_GitHub", "Wpf_GitHub\Wpf_GitHub.csproj", "{A6F7E384-53DE-46F5-B360-A600F0A6DC16}"
EndProject
Global
	GlobalSection(SolutionConfigurationPlatforms) = preSolution
		Debug|Any CPU = Debug|Any CPU
		Release|Any CPU = Release|Any CPU
	EndGlobalSection
	GlobalSection(ProjectConfigurationPlatforms) = postSolution
		{A6F7E384-53DE-46F5-B360-A600F0A6DC16}.Debug|Any CPU.ActiveCfg = Debug|Any CPU
		{A6F7E384-53DE-46F5-B360-A600F0A6DC16}.Debug|Any CPU.Build.0 = Debug|Any CPU
		{A6F7E384-53DE-46F5-B360-A600F0A6DC16}.Release|Any CPU.ActiveCfg = Release|Any CPU
		{A6F7E384-53DE-46F5-B360-A600F0A6DC16}.Release|Any CPU.Build.0 = Release|Any CPU
	EndGlobalSection
	GlobalSection(SolutionProperties) = preSolution
		HideSolutionNode = FALSE
	EndGlobalSection
	GlobalSection(ExtensibilityGlobals) = postSolution
		SolutionGuid = {384EC7EF-21C5-48CE-871C-ADF8E46FEBF3}
	EndGlobalSection
EndGlobal
